
Microsoft Visual Studio Solution File, Format Version 12.00
# Visual Studio Version 17
VisualStudioVersion = 17.0.31903.59
MinimumVisualStudioVersion = 10.0.40219.1
Project("{FAE04EC0-301F-11D3-BF4B-00C04F79EFBC}") = "CourseManagementSystem", "CourseManagementSystem\CourseManagementSystem.csproj", "{5D0B8D01-76F4-4DE5-BC4C-3D3593B88E09}"
EndProject
Project("{FAE04EC0-301F-11D3-BF4B-00C04F79EFBC}") = "CourseManagementSystem.Tests", "CourseManagementSystem.Tests\CourseManagementSystem.Tests.csproj", "{F920D422-E14E-4616-8881-327756130AEB}"
EndProject
Global
	GlobalSection(SolutionConfigurationPlatforms) = preSolution
		Debug|Any CPU = Debug|Any CPU
		Debug|x64 = Debug|x64
		Debug|x86 = Debug|x86
		Release|Any CPU = Release|Any CPU
		Release|x64 = Release|x64
		Release|x86 = Release|x86
	EndGlobalSection
	GlobalSection(ProjectConfigurationPlatforms) = postSolution
		{5D0B8D01-76F4-4DE5-BC4C-3D3593B88E09}.Debug|Any CPU.ActiveCfg = Debug|Any CPU
		{5D0B8D01-76F4-4DE5-BC4C-3D3593B88E09}.Debug|Any CPU.Build.0 = Debug|Any CPU
		{5D0B8D01-76F4-4DE5-BC4C-3D3593B88E09}.Debug|x64.ActiveCfg = Debug|Any CPU
		{5D0B8D01-76F4-4DE5-BC4C-3D3593B88E09}.Debug|x64.Build.0 = Debug|Any CPU
		{5D0B8D01-76F4-4DE5-BC4C-3D3593B88E09}.Debug|x86.ActiveCfg = Debug|Any CPU
		{5D0B8D01-76F4-4DE5-BC4C-3D3593B88E09}.Debug|x86.Build.0 = Debug|Any CPU
		{5D0B8D01-76F4-4DE5-BC4C-3D3593B88E09}.Release|Any CPU.ActiveCfg = Release|Any CPU
		{5D0B8D01-76F4-4DE5-BC4C-3D3593B88E09}.Release|Any CPU.Build.0 = Release|Any CPU
		{5D0B8D01-76F4-4DE5-BC4C-3D3593B88E09}.Release|x64.ActiveCfg = Release|Any CPU
		{5D0B8D01-76F4-4DE5-BC4C-3D3593B88E09}.Release|x64.Build.0 = Release|Any CPU
		{5D0B8D01-76F4-4DE5-BC4C-3D3593B88E09}.Release|x86.ActiveCfg = Release|Any CPU
		{5D0B8D01-76F4-4DE5-BC4C-3D3593B88E09}.Release|x86.Build.0 = Release|Any CPU
		{F920D422-E14E-4616-8881-327756130AEB}.Debug|Any CPU.ActiveCfg = Debug|Any CPU
		{F920D422-E14E-4616-8881-327756130AEB}.Debug|Any CPU.Build.0 = Debug|Any CPU
		{F920D422-E14E-4616-8881-327756130AEB}.Debug|x64.ActiveCfg = Debug|Any CPU
		{F920D422-E14E-4616-8881-327756130AEB}.Debug|x64.Build.0 = Debug|Any CPU
		{F920D422-E14E-4616-8881-327756130AEB}.Debug|x86.ActiveCfg = Debug|Any CPU
		{F920D422-E14E-4616-8881-327756130AEB}.Debug|x86.Build.0 = Debug|Any CPU
		{F920D422-E14E-4616-8881-327756130AEB}.Release|Any CPU.ActiveCfg = Release|Any CPU
		{F920D422-E14E-4616-8881-327756130AEB}.Release|Any CPU.Build.0 = Release|Any CPU
		{F920D422-E14E-4616-8881-327756130AEB}.Release|x64.ActiveCfg = Release|Any CPU
		{F920D422-E14E-4616-8881-327756130AEB}.Release|x64.Build.0 = Release|Any CPU
		{F920D422-E14E-4616-8881-327756130AEB}.Release|x86.ActiveCfg = Release|Any CPU
		{F920D422-E14E-4616-8881-327756130AEB}.Release|x86.Build.0 = Release|Any CPU
	EndGlobalSection
	GlobalSection(SolutionProperties) = preSolution
		HideSolutionNode = FALSE
	EndGlobalSection
EndGlobal
